// !$*UTF8*$!
{
	archiveVersion = 1;
	classes = {
	};
	objectVersion = 55;
	objects = {

/* Begin PBXBuildFile section */
		276D8B5FF214F9F878F840F0 /* Pods_FakeAppStore_FakeAppStoreUITests.framework in Frameworks */ = {isa = PBXBuildFile; fileRef = 04D2E68D578F5CEA751BF21B /* Pods_FakeAppStore_FakeAppStoreUITests.framework */; };
		A6943AA72773712E009FCEBF /* Request.swift in Sources */ = {isa = PBXBuildFile; fileRef = A6943AA62773712E009FCEBF /* Request.swift */; };
		A6943AB6277371C4009FCEBF /* ArcadeViewController.swift in Sources */ = {isa = PBXBuildFile; fileRef = A6943AB0277371C2009FCEBF /* ArcadeViewController.swift */; };
		A6943AB7277371C4009FCEBF /* AppDetailViewController.swift in Sources */ = {isa = PBXBuildFile; fileRef = A6943AB1277371C3009FCEBF /* AppDetailViewController.swift */; };
		A6943AB8277371C4009FCEBF /* SearchViewController.swift in Sources */ = {isa = PBXBuildFile; fileRef = A6943AB2277371C3009FCEBF /* SearchViewController.swift */; };
		A6943AB9277371C4009FCEBF /* TodayViewController.swift in Sources */ = {isa = PBXBuildFile; fileRef = A6943AB3277371C4009FCEBF /* TodayViewController.swift */; };
		A6943ABA277371C4009FCEBF /* GameViewController.swift in Sources */ = {isa = PBXBuildFile; fileRef = A6943AB4277371C4009FCEBF /* GameViewController.swift */; };
		A6943ABB277371C4009FCEBF /* AppViewController.swift in Sources */ = {isa = PBXBuildFile; fileRef = A6943AB5277371C4009FCEBF /* AppViewController.swift */; };
		A6943ABF27737301009FCEBF /* Model in Resources */ = {isa = PBXBuildFile; fileRef = A6943ABE27737301009FCEBF /* Model */; };
		CE4E28012767FD1000261E53 /* AppDelegate.swift in Sources */ = {isa = PBXBuildFile; fileRef = CE4E28002767FD1000261E53 /* AppDelegate.swift */; };
		CE4E28032767FD1000261E53 /* SceneDelegate.swift in Sources */ = {isa = PBXBuildFile; fileRef = CE4E28022767FD1000261E53 /* SceneDelegate.swift */; };
		CE4E28082767FD1000261E53 /* Main.storyboard in Resources */ = {isa = PBXBuildFile; fileRef = CE4E28062767FD1000261E53 /* Main.storyboard */; };
		CE4E280A2767FD1300261E53 /* Assets.xcassets in Resources */ = {isa = PBXBuildFile; fileRef = CE4E28092767FD1300261E53 /* Assets.xcassets */; };
		CE4E280D2767FD1300261E53 /* LaunchScreen.storyboard in Resources */ = {isa = PBXBuildFile; fileRef = CE4E280B2767FD1300261E53 /* LaunchScreen.storyboard */; };
		CE4E28182767FD1300261E53 /* FakeAppStoreTests.swift in Sources */ = {isa = PBXBuildFile; fileRef = CE4E28172767FD1300261E53 /* FakeAppStoreTests.swift */; };
		CE4E28222767FD1300261E53 /* FakeAppStoreUITests.swift in Sources */ = {isa = PBXBuildFile; fileRef = CE4E28212767FD1300261E53 /* FakeAppStoreUITests.swift */; };
		CE4E28242767FD1300261E53 /* FakeAppStoreUITestsLaunchTests.swift in Sources */ = {isa = PBXBuildFile; fileRef = CE4E28232767FD1300261E53 /* FakeAppStoreUITestsLaunchTests.swift */; };
		CE4E283927681BBD00261E53 /* Const.swift in Sources */ = {isa = PBXBuildFile; fileRef = CE4E283827681BBD00261E53 /* Const.swift */; };
		CE5AFA9C2773E19B00AD9834 /* AppInfo.swift in Sources */ = {isa = PBXBuildFile; fileRef = CE5AFA9A2773E19B00AD9834 /* AppInfo.swift */; };
		CE5AFA9D2773E19B00AD9834 /* SearchContents.swift in Sources */ = {isa = PBXBuildFile; fileRef = CE5AFA9B2773E19B00AD9834 /* SearchContents.swift */; };
		CE5AFAA02773E21800AD9834 /* SearchHistoryRS.swift in Sources */ = {isa = PBXBuildFile; fileRef = CE5AFA9F2773E21800AD9834 /* SearchHistoryRS.swift */; };
		CE5AFAAB2773E42B00AD9834 /* AppDetailSceenshotTableViewCell.swift in Sources */ = {isa = PBXBuildFile; fileRef = CE5AFAA32773E42800AD9834 /* AppDetailSceenshotTableViewCell.swift */; };
		CE5AFAAC2773E42B00AD9834 /* AppDetailBasicTableViewCell.swift in Sources */ = {isa = PBXBuildFile; fileRef = CE5AFAA42773E42900AD9834 /* AppDetailBasicTableViewCell.swift */; };
		CE5AFAAD2773E42B00AD9834 /* AppDetailSummaryCollectionViewCell.swift in Sources */ = {isa = PBXBuildFile; fileRef = CE5AFAA52773E42900AD9834 /* AppDetailSummaryCollectionViewCell.swift */; };
		CE5AFAAE2773E42B00AD9834 /* AppDetailSummaryTableViewCell.swift in Sources */ = {isa = PBXBuildFile; fileRef = CE5AFAA62773E42900AD9834 /* AppDetailSummaryTableViewCell.swift */; };
		CE5AFAAF2773E42B00AD9834 /* AppDetailUpdateTableViewCell.swift in Sources */ = {isa = PBXBuildFile; fileRef = CE5AFAA72773E42A00AD9834 /* AppDetailUpdateTableViewCell.swift */; };
		CE5AFAB02773E42B00AD9834 /* AppDetailSceenshotCollectionViewCell.swift in Sources */ = {isa = PBXBuildFile; fileRef = CE5AFAA82773E42A00AD9834 /* AppDetailSceenshotCollectionViewCell.swift */; };
		CE5AFAB12773E42B00AD9834 /* SearchContentTableViewCell.swift in Sources */ = {isa = PBXBuildFile; fileRef = CE5AFAA92773E42B00AD9834 /* SearchContentTableViewCell.swift */; };
		CE5AFAB22773E42B00AD9834 /* AppDetailDescTableViewCell.swift in Sources */ = {isa = PBXBuildFile; fileRef = CE5AFAAA2773E42B00AD9834 /* AppDetailDescTableViewCell.swift */; };
		CE5AFAB42773E5CE00AD9834 /* UIImageView+Extension.swift in Sources */ = {isa = PBXBuildFile; fileRef = CE5AFAB32773E5CE00AD9834 /* UIImageView+Extension.swift */; };
		CE5AFAB62773E6D200AD9834 /* Notification+Extension.swift in Sources */ = {isa = PBXBuildFile; fileRef = CE5AFAB52773E6D200AD9834 /* Notification+Extension.swift */; };
		CE5AFABC27744CA300AD9834 /* BaseViewController.swift in Sources */ = {isa = PBXBuildFile; fileRef = CE5AFABB27744CA300AD9834 /* BaseViewController.swift */; };
		CE5AFABF277542BA00AD9834 /* goNetworkSetVw.xib in Resources */ = {isa = PBXBuildFile; fileRef = CE5AFABE277542BA00AD9834 /* goNetworkSetVw.xib */; };
		CE5AFAC1277542FE00AD9834 /* goNetworkSetVw.swift in Sources */ = {isa = PBXBuildFile; fileRef = CE5AFAC0277542FE00AD9834 /* goNetworkSetVw.swift */; };
		CE5AFAC5277596A700AD9834 /* TestViewController.swift in Sources */ = {isa = PBXBuildFile; fileRef = CE5AFAC4277596A700AD9834 /* TestViewController.swift */; };
		CE65C1DF276AADA3006F46BC /* Dictionary+Extension.swift in Sources */ = {isa = PBXBuildFile; fileRef = CE65C1D4276AADA3006F46BC /* Dictionary+Extension.swift */; };
		CE65C1E0276AADA3006F46BC /* Array+Extension.swift in Sources */ = {isa = PBXBuildFile; fileRef = CE65C1D5276AADA3006F46BC /* Array+Extension.swift */; };
		CE65C1E1276AADA3006F46BC /* UITextView+Extension.swift in Sources */ = {isa = PBXBuildFile; fileRef = CE65C1D6276AADA3006F46BC /* UITextView+Extension.swift */; };
		CE65C1E3276AADA3006F46BC /* UIView+Extension.swift in Sources */ = {isa = PBXBuildFile; fileRef = CE65C1D8276AADA3006F46BC /* UIView+Extension.swift */; };
		CE65C1E4276AADA3006F46BC /* URL+Extension.swift in Sources */ = {isa = PBXBuildFile; fileRef = CE65C1D9276AADA3006F46BC /* URL+Extension.swift */; };
		CE65C1E6276AADA3006F46BC /* String+Extension.swift in Sources */ = {isa = PBXBuildFile; fileRef = CE65C1DB276AADA3006F46BC /* String+Extension.swift */; };
		CE65C1E7276AADA3006F46BC /* UILabel+Extension.swift in Sources */ = {isa = PBXBuildFile; fileRef = CE65C1DC276AADA3006F46BC /* UILabel+Extension.swift */; };
		CE65C1E8276AADA3006F46BC /* UINavigationController+Extension.swift in Sources */ = {isa = PBXBuildFile; fileRef = CE65C1DD276AADA3006F46BC /* UINavigationController+Extension.swift */; };
		CE65C1E9276AADA3006F46BC /* UIButton+Extension.swift in Sources */ = {isa = PBXBuildFile; fileRef = CE65C1DE276AADA3006F46BC /* UIButton+Extension.swift */; };
		CE65C1EB276AB2A3006F46BC /* NetworkManager.swift in Sources */ = {isa = PBXBuildFile; fileRef = CE65C1EA276AB2A3006F46BC /* NetworkManager.swift */; };
		CE65C1ED276AB4A5006F46BC /* Date+Extension.swift in Sources */ = {isa = PBXBuildFile; fileRef = CE65C1EC276AB4A5006F46BC /* Date+Extension.swift */; };
		CED3A49D277BEA4B0024994C /* todo in Resources */ = {isa = PBXBuildFile; fileRef = CED3A49C277BEA4B0024994C /* todo */; };
		D66739835B2F3C4271A34DF8 /* Pods_FakeAppStore.framework in Frameworks */ = {isa = PBXBuildFile; fileRef = 330A398716D3962A6B5254D3 /* Pods_FakeAppStore.framework */; };
		E9A4F0FB5BB25B4623F04CE2 /* Pods_FakeAppStoreTests.framework in Frameworks */ = {isa = PBXBuildFile; fileRef = D34B5CF17176EEAB2C52DB8C /* Pods_FakeAppStoreTests.framework */; };
/* End PBXBuildFile section */

/* Begin PBXContainerItemProxy section */
		CE4E28142767FD1300261E53 /* PBXContainerItemProxy */ = {
			isa = PBXContainerItemProxy;
			containerPortal = CE4E27F52767FD1000261E53 /* Project object */;
			proxyType = 1;
			remoteGlobalIDString = CE4E27FC2767FD1000261E53;
			remoteInfo = FakeAppStore;
		};
		CE4E281E2767FD1300261E53 /* PBXContainerItemProxy */ = {
			isa = PBXContainerItemProxy;
			containerPortal = CE4E27F52767FD1000261E53 /* Project object */;
			proxyType = 1;
			remoteGlobalIDString = CE4E27FC2767FD1000261E53;
			remoteInfo = FakeAppStore;
		};
/* End PBXContainerItemProxy section */

/* Begin PBXFileReference section */
		04A9BF9907111B43550F2F04 /* Pods-FakeAppStoreTests.release.xcconfig */ = {isa = PBXFileReference; includeInIndex = 1; lastKnownFileType = text.xcconfig; name = "Pods-FakeAppStoreTests.release.xcconfig"; path = "Target Support Files/Pods-FakeAppStoreTests/Pods-FakeAppStoreTests.release.xcconfig"; sourceTree = "<group>"; };
		04D2E68D578F5CEA751BF21B /* Pods_FakeAppStore_FakeAppStoreUITests.framework */ = {isa = PBXFileReference; explicitFileType = wrapper.framework; includeInIndex = 0; path = Pods_FakeAppStore_FakeAppStoreUITests.framework; sourceTree = BUILT_PRODUCTS_DIR; };
		2B732253767D1451665D328C /* Pods-FakeAppStore.release.xcconfig */ = {isa = PBXFileReference; includeInIndex = 1; lastKnownFileType = text.xcconfig; name = "Pods-FakeAppStore.release.xcconfig"; path = "Target Support Files/Pods-FakeAppStore/Pods-FakeAppStore.release.xcconfig"; sourceTree = "<group>"; };
		330A398716D3962A6B5254D3 /* Pods_FakeAppStore.framework */ = {isa = PBXFileReference; explicitFileType = wrapper.framework; includeInIndex = 0; path = Pods_FakeAppStore.framework; sourceTree = BUILT_PRODUCTS_DIR; };
		537CF752AFD1973F76C64CBD /* Pods-FakeAppStoreTests.debug.xcconfig */ = {isa = PBXFileReference; includeInIndex = 1; lastKnownFileType = text.xcconfig; name = "Pods-FakeAppStoreTests.debug.xcconfig"; path = "Target Support Files/Pods-FakeAppStoreTests/Pods-FakeAppStoreTests.debug.xcconfig"; sourceTree = "<group>"; };
		82223239F452251DC8ACCD3D /* Pods-FakeAppStore-FakeAppStoreUITests.debug.xcconfig */ = {isa = PBXFileReference; includeInIndex = 1; lastKnownFileType = text.xcconfig; name = "Pods-FakeAppStore-FakeAppStoreUITests.debug.xcconfig"; path = "Target Support Files/Pods-FakeAppStore-FakeAppStoreUITests/Pods-FakeAppStore-FakeAppStoreUITests.debug.xcconfig"; sourceTree = "<group>"; };
		8D7C873DAA182BA791E4919B /* Pods-FakeAppStore-FakeAppStoreUITests.release.xcconfig */ = {isa = PBXFileReference; includeInIndex = 1; lastKnownFileType = text.xcconfig; name = "Pods-FakeAppStore-FakeAppStoreUITests.release.xcconfig"; path = "Target Support Files/Pods-FakeAppStore-FakeAppStoreUITests/Pods-FakeAppStore-FakeAppStoreUITests.release.xcconfig"; sourceTree = "<group>"; };
		A6943AA62773712E009FCEBF /* Request.swift */ = {isa = PBXFileReference; fileEncoding = 4; lastKnownFileType = sourcecode.swift; path = Request.swift; sourceTree = "<group>"; };
		A6943AB0277371C2009FCEBF /* ArcadeViewController.swift */ = {isa = PBXFileReference; fileEncoding = 4; lastKnownFileType = sourcecode.swift; path = ArcadeViewController.swift; sourceTree = "<group>"; };
		A6943AB1277371C3009FCEBF /* AppDetailViewController.swift */ = {isa = PBXFileReference; fileEncoding = 4; lastKnownFileType = sourcecode.swift; path = AppDetailViewController.swift; sourceTree = "<group>"; };
		A6943AB2277371C3009FCEBF /* SearchViewController.swift */ = {isa = PBXFileReference; fileEncoding = 4; lastKnownFileType = sourcecode.swift; path = SearchViewController.swift; sourceTree = "<group>"; };
		A6943AB3277371C4009FCEBF /* TodayViewController.swift */ = {isa = PBXFileReference; fileEncoding = 4; lastKnownFileType = sourcecode.swift; path = TodayViewController.swift; sourceTree = "<group>"; };
		A6943AB4277371C4009FCEBF /* GameViewController.swift */ = {isa = PBXFileReference; fileEncoding = 4; lastKnownFileType = sourcecode.swift; path = GameViewController.swift; sourceTree = "<group>"; };
		A6943AB5277371C4009FCEBF /* AppViewController.swift */ = {isa = PBXFileReference; fileEncoding = 4; lastKnownFileType = sourcecode.swift; path = AppViewController.swift; sourceTree = "<group>"; };
		A6943ABE27737301009FCEBF /* Model */ = {isa = PBXFileReference; lastKnownFileType = folder; path = Model; sourceTree = "<group>"; };
		ABAE502D5CF86C0C970C903A /* Pods-FakeAppStore.debug.xcconfig */ = {isa = PBXFileReference; includeInIndex = 1; lastKnownFileType = text.xcconfig; name = "Pods-FakeAppStore.debug.xcconfig"; path = "Target Support Files/Pods-FakeAppStore/Pods-FakeAppStore.debug.xcconfig"; sourceTree = "<group>"; };
		CE4E27FD2767FD1000261E53 /* FakeAppStore.app */ = {isa = PBXFileReference; explicitFileType = wrapper.application; includeInIndex = 0; path = FakeAppStore.app; sourceTree = BUILT_PRODUCTS_DIR; };
		CE4E28002767FD1000261E53 /* AppDelegate.swift */ = {isa = PBXFileReference; lastKnownFileType = sourcecode.swift; path = AppDelegate.swift; sourceTree = "<group>"; };
		CE4E28022767FD1000261E53 /* SceneDelegate.swift */ = {isa = PBXFileReference; lastKnownFileType = sourcecode.swift; path = SceneDelegate.swift; sourceTree = "<group>"; };
		CE4E28072767FD1000261E53 /* Base */ = {isa = PBXFileReference; lastKnownFileType = file.storyboard; name = Base; path = Base.lproj/Main.storyboard; sourceTree = "<group>"; };
		CE4E28092767FD1300261E53 /* Assets.xcassets */ = {isa = PBXFileReference; lastKnownFileType = folder.assetcatalog; path = Assets.xcassets; sourceTree = "<group>"; };
		CE4E280C2767FD1300261E53 /* Base */ = {isa = PBXFileReference; lastKnownFileType = file.storyboard; name = Base; path = Base.lproj/LaunchScreen.storyboard; sourceTree = "<group>"; };
		CE4E280E2767FD1300261E53 /* Info.plist */ = {isa = PBXFileReference; lastKnownFileType = text.plist.xml; path = Info.plist; sourceTree = "<group>"; };
		CE4E28132767FD1300261E53 /* FakeAppStoreTests.xctest */ = {isa = PBXFileReference; explicitFileType = wrapper.cfbundle; includeInIndex = 0; path = FakeAppStoreTests.xctest; sourceTree = BUILT_PRODUCTS_DIR; };
		CE4E28172767FD1300261E53 /* FakeAppStoreTests.swift */ = {isa = PBXFileReference; lastKnownFileType = sourcecode.swift; path = FakeAppStoreTests.swift; sourceTree = "<group>"; };
		CE4E281D2767FD1300261E53 /* FakeAppStoreUITests.xctest */ = {isa = PBXFileReference; explicitFileType = wrapper.cfbundle; includeInIndex = 0; path = FakeAppStoreUITests.xctest; sourceTree = BUILT_PRODUCTS_DIR; };
		CE4E28212767FD1300261E53 /* FakeAppStoreUITests.swift */ = {isa = PBXFileReference; lastKnownFileType = sourcecode.swift; path = FakeAppStoreUITests.swift; sourceTree = "<group>"; };
		CE4E28232767FD1300261E53 /* FakeAppStoreUITestsLaunchTests.swift */ = {isa = PBXFileReference; lastKnownFileType = sourcecode.swift; path = FakeAppStoreUITestsLaunchTests.swift; sourceTree = "<group>"; };
		CE4E283827681BBD00261E53 /* Const.swift */ = {isa = PBXFileReference; lastKnownFileType = sourcecode.swift; path = Const.swift; sourceTree = "<group>"; };
		CE5AFA9A2773E19B00AD9834 /* AppInfo.swift */ = {isa = PBXFileReference; fileEncoding = 4; lastKnownFileType = sourcecode.swift; path = AppInfo.swift; sourceTree = "<group>"; };
		CE5AFA9B2773E19B00AD9834 /* SearchContents.swift */ = {isa = PBXFileReference; fileEncoding = 4; lastKnownFileType = sourcecode.swift; path = SearchContents.swift; sourceTree = "<group>"; };
		CE5AFA9F2773E21800AD9834 /* SearchHistoryRS.swift */ = {isa = PBXFileReference; fileEncoding = 4; lastKnownFileType = sourcecode.swift; path = SearchHistoryRS.swift; sourceTree = "<group>"; };
		CE5AFAA32773E42800AD9834 /* AppDetailSceenshotTableViewCell.swift */ = {isa = PBXFileReference; fileEncoding = 4; lastKnownFileType = sourcecode.swift; path = AppDetailSceenshotTableViewCell.swift; sourceTree = "<group>"; };
		CE5AFAA42773E42900AD9834 /* AppDetailBasicTableViewCell.swift */ = {isa = PBXFileReference; fileEncoding = 4; lastKnownFileType = sourcecode.swift; path = AppDetailBasicTableViewCell.swift; sourceTree = "<group>"; };
		CE5AFAA52773E42900AD9834 /* AppDetailSummaryCollectionViewCell.swift */ = {isa = PBXFileReference; fileEncoding = 4; lastKnownFileType = sourcecode.swift; path = AppDetailSummaryCollectionViewCell.swift; sourceTree = "<group>"; };
		CE5AFAA62773E42900AD9834 /* AppDetailSummaryTableViewCell.swift */ = {isa = PBXFileReference; fileEncoding = 4; lastKnownFileType = sourcecode.swift; path = AppDetailSummaryTableViewCell.swift; sourceTree = "<group>"; };
		CE5AFAA72773E42A00AD9834 /* AppDetailUpdateTableViewCell.swift */ = {isa = PBXFileReference; fileEncoding = 4; lastKnownFileType = sourcecode.swift; path = AppDetailUpdateTableViewCell.swift; sourceTree = "<group>"; };
		CE5AFAA82773E42A00AD9834 /* AppDetailSceenshotCollectionViewCell.swift */ = {isa = PBXFileReference; fileEncoding = 4; lastKnownFileType = sourcecode.swift; path = AppDetailSceenshotCollectionViewCell.swift; sourceTree = "<group>"; };
		CE5AFAA92773E42B00AD9834 /* SearchContentTableViewCell.swift */ = {isa = PBXFileReference; fileEncoding = 4; lastKnownFileType = sourcecode.swift; path = SearchContentTableViewCell.swift; sourceTree = "<group>"; };
		CE5AFAAA2773E42B00AD9834 /* AppDetailDescTableViewCell.swift */ = {isa = PBXFileReference; fileEncoding = 4; lastKnownFileType = sourcecode.swift; path = AppDetailDescTableViewCell.swift; sourceTree = "<group>"; };
		CE5AFAB32773E5CE00AD9834 /* UIImageView+Extension.swift */ = {isa = PBXFileReference; lastKnownFileType = sourcecode.swift; path = "UIImageView+Extension.swift"; sourceTree = "<group>"; };
		CE5AFAB52773E6D200AD9834 /* Notification+Extension.swift */ = {isa = PBXFileReference; lastKnownFileType = sourcecode.swift; path = "Notification+Extension.swift"; sourceTree = "<group>"; };
		CE5AFABB27744CA300AD9834 /* BaseViewController.swift */ = {isa = PBXFileReference; lastKnownFileType = sourcecode.swift; path = BaseViewController.swift; sourceTree = "<group>"; };
		CE5AFABE277542BA00AD9834 /* goNetworkSetVw.xib */ = {isa = PBXFileReference; lastKnownFileType = file.xib; path = goNetworkSetVw.xib; sourceTree = "<group>"; };
		CE5AFAC0277542FE00AD9834 /* goNetworkSetVw.swift */ = {isa = PBXFileReference; lastKnownFileType = sourcecode.swift; path = goNetworkSetVw.swift; sourceTree = "<group>"; };
		CE5AFAC4277596A700AD9834 /* TestViewController.swift */ = {isa = PBXFileReference; lastKnownFileType = sourcecode.swift; path = TestViewController.swift; sourceTree = "<group>"; };
		CE65C1D4276AADA3006F46BC /* Dictionary+Extension.swift */ = {isa = PBXFileReference; fileEncoding = 4; lastKnownFileType = sourcecode.swift; path = "Dictionary+Extension.swift"; sourceTree = "<group>"; };
		CE65C1D5276AADA3006F46BC /* Array+Extension.swift */ = {isa = PBXFileReference; fileEncoding = 4; lastKnownFileType = sourcecode.swift; path = "Array+Extension.swift"; sourceTree = "<group>"; };
		CE65C1D6276AADA3006F46BC /* UITextView+Extension.swift */ = {isa = PBXFileReference; fileEncoding = 4; lastKnownFileType = sourcecode.swift; path = "UITextView+Extension.swift"; sourceTree = "<group>"; };
		CE65C1D8276AADA3006F46BC /* UIView+Extension.swift */ = {isa = PBXFileReference; fileEncoding = 4; lastKnownFileType = sourcecode.swift; path = "UIView+Extension.swift"; sourceTree = "<group>"; };
		CE65C1D9276AADA3006F46BC /* URL+Extension.swift */ = {isa = PBXFileReference; fileEncoding = 4; lastKnownFileType = sourcecode.swift; path = "URL+Extension.swift"; sourceTree = "<group>"; };
		CE65C1DB276AADA3006F46BC /* String+Extension.swift */ = {isa = PBXFileReference; fileEncoding = 4; lastKnownFileType = sourcecode.swift; path = "String+Extension.swift"; sourceTree = "<group>"; };
		CE65C1DC276AADA3006F46BC /* UILabel+Extension.swift */ = {isa = PBXFileReference; fileEncoding = 4; lastKnownFileType = sourcecode.swift; path = "UILabel+Extension.swift"; sourceTree = "<group>"; };
		CE65C1DD276AADA3006F46BC /* UINavigationController+Extension.swift */ = {isa = PBXFileReference; fileEncoding = 4; lastKnownFileType = sourcecode.swift; path = "UINavigationController+Extension.swift"; sourceTree = "<group>"; };
		CE65C1DE276AADA3006F46BC /* UIButton+Extension.swift */ = {isa = PBXFileReference; fileEncoding = 4; lastKnownFileType = sourcecode.swift; path = "UIButton+Extension.swift"; sourceTree = "<group>"; };
		CE65C1EA276AB2A3006F46BC /* NetworkManager.swift */ = {isa = PBXFileReference; lastKnownFileType = sourcecode.swift; path = NetworkManager.swift; sourceTree = "<group>"; };
		CE65C1EC276AB4A5006F46BC /* Date+Extension.swift */ = {isa = PBXFileReference; fileEncoding = 4; lastKnownFileType = sourcecode.swift; path = "Date+Extension.swift"; sourceTree = "<group>"; };
		CED3A49C277BEA4B0024994C /* todo */ = {isa = PBXFileReference; lastKnownFileType = text; path = todo; sourceTree = "<group>"; };
		D34B5CF17176EEAB2C52DB8C /* Pods_FakeAppStoreTests.framework */ = {isa = PBXFileReference; explicitFileType = wrapper.framework; includeInIndex = 0; path = Pods_FakeAppStoreTests.framework; sourceTree = BUILT_PRODUCTS_DIR; };
/* End PBXFileReference section */

/* Begin PBXFrameworksBuildPhase section */
		CE4E27FA2767FD1000261E53 /* Frameworks */ = {
			isa = PBXFrameworksBuildPhase;
			buildActionMask = 2147483647;
			files = (
				D66739835B2F3C4271A34DF8 /* Pods_FakeAppStore.framework in Frameworks */,
			);
			runOnlyForDeploymentPostprocessing = 0;
		};
		CE4E28102767FD1300261E53 /* Frameworks */ = {
			isa = PBXFrameworksBuildPhase;
			buildActionMask = 2147483647;
			files = (
				E9A4F0FB5BB25B4623F04CE2 /* Pods_FakeAppStoreTests.framework in Frameworks */,
			);
			runOnlyForDeploymentPostprocessing = 0;
		};
		CE4E281A2767FD1300261E53 /* Frameworks */ = {
			isa = PBXFrameworksBuildPhase;
			buildActionMask = 2147483647;
			files = (
				276D8B5FF214F9F878F840F0 /* Pods_FakeAppStore_FakeAppStoreUITests.framework in Frameworks */,
			);
			runOnlyForDeploymentPostprocessing = 0;
		};
/* End PBXFrameworksBuildPhase section */

/* Begin PBXGroup section */
		2B421C1B11C6DAD1446AA219 /* Frameworks */ = {
			isa = PBXGroup;
			children = (
				330A398716D3962A6B5254D3 /* Pods_FakeAppStore.framework */,
				04D2E68D578F5CEA751BF21B /* Pods_FakeAppStore_FakeAppStoreUITests.framework */,
				D34B5CF17176EEAB2C52DB8C /* Pods_FakeAppStoreTests.framework */,
			);
			name = Frameworks;
			sourceTree = "<group>";
		};
		5237AAFD33D1407E4DA922A7 /* Pods */ = {
			isa = PBXGroup;
			children = (
				ABAE502D5CF86C0C970C903A /* Pods-FakeAppStore.debug.xcconfig */,
				2B732253767D1451665D328C /* Pods-FakeAppStore.release.xcconfig */,
				82223239F452251DC8ACCD3D /* Pods-FakeAppStore-FakeAppStoreUITests.debug.xcconfig */,
				8D7C873DAA182BA791E4919B /* Pods-FakeAppStore-FakeAppStoreUITests.release.xcconfig */,
				537CF752AFD1973F76C64CBD /* Pods-FakeAppStoreTests.debug.xcconfig */,
				04A9BF9907111B43550F2F04 /* Pods-FakeAppStoreTests.release.xcconfig */,
			);
			path = Pods;
			sourceTree = "<group>";
		};
		CE4E27F42767FD1000261E53 = {
			isa = PBXGroup;
			children = (
				CE4E27FF2767FD1000261E53 /* FakeAppStore */,
				CE4E28162767FD1300261E53 /* FakeAppStoreTests */,
				CE4E28202767FD1300261E53 /* FakeAppStoreUITests */,
				CE4E27FE2767FD1000261E53 /* Products */,
				5237AAFD33D1407E4DA922A7 /* Pods */,
				2B421C1B11C6DAD1446AA219 /* Frameworks */,
			);
			sourceTree = "<group>";
		};
		CE4E27FE2767FD1000261E53 /* Products */ = {
			isa = PBXGroup;
			children = (
				CE4E27FD2767FD1000261E53 /* FakeAppStore.app */,
				CE4E28132767FD1300261E53 /* FakeAppStoreTests.xctest */,
				CE4E281D2767FD1300261E53 /* FakeAppStoreUITests.xctest */,
			);
			name = Products;
			sourceTree = "<group>";
		};
		CE4E27FF2767FD1000261E53 /* FakeAppStore */ = {
			isa = PBXGroup;
			children = (
				CED3A49C277BEA4B0024994C /* todo */,
				CE5AFA992773E16F00AD9834 /* Model */,
				CE5AFA982773DDA100AD9834 /* View */,
				CE4E283727680D2600261E53 /* Util */,
				A6943ABE27737301009FCEBF /* Model */,
				CE4E28002767FD1000261E53 /* AppDelegate.swift */,
				CE4E28022767FD1000261E53 /* SceneDelegate.swift */,
				CE4E28062767FD1000261E53 /* Main.storyboard */,
				CE4E28092767FD1300261E53 /* Assets.xcassets */,
				CE4E280B2767FD1300261E53 /* LaunchScreen.storyboard */,
				CE4E280E2767FD1300261E53 /* Info.plist */,
			);
			path = FakeAppStore;
			sourceTree = "<group>";
		};
		CE4E28162767FD1300261E53 /* FakeAppStoreTests */ = {
			isa = PBXGroup;
			children = (
				CE4E28172767FD1300261E53 /* FakeAppStoreTests.swift */,
			);
			path = FakeAppStoreTests;
			sourceTree = "<group>";
		};
		CE4E28202767FD1300261E53 /* FakeAppStoreUITests */ = {
			isa = PBXGroup;
			children = (
				CE4E28212767FD1300261E53 /* FakeAppStoreUITests.swift */,
				CE4E28232767FD1300261E53 /* FakeAppStoreUITestsLaunchTests.swift */,
			);
			path = FakeAppStoreUITests;
			sourceTree = "<group>";
		};
		CE4E2830276805B600261E53 /* ViewController */ = {
			isa = PBXGroup;
			children = (
				A6943AB1277371C3009FCEBF /* AppDetailViewController.swift */,
				A6943AB5277371C4009FCEBF /* AppViewController.swift */,
				A6943AB0277371C2009FCEBF /* ArcadeViewController.swift */,
				A6943AB4277371C4009FCEBF /* GameViewController.swift */,
				A6943AB2277371C3009FCEBF /* SearchViewController.swift */,
				A6943AB3277371C4009FCEBF /* TodayViewController.swift */,
				CE5AFABB27744CA300AD9834 /* BaseViewController.swift */,
				CE5AFAC4277596A700AD9834 /* TestViewController.swift */,
			);
			path = ViewController;
			sourceTree = "<group>";
		};
		CE4E283727680D2600261E53 /* Util */ = {
			isa = PBXGroup;
			children = (
				CE5AFA9E2773E20F00AD9834 /* DB */,
				CE65C1EE276B1787006F46BC /* Extensions */,
				CE4E283B27681BD700261E53 /* Network */,
				CE4E283827681BBD00261E53 /* Const.swift */,
			);
			path = Util;
			sourceTree = "<group>";
		};
		CE4E283B27681BD700261E53 /* Network */ = {
			isa = PBXGroup;
			children = (
				CE65C1EA276AB2A3006F46BC /* NetworkManager.swift */,
				A6943AA62773712E009FCEBF /* Request.swift */,
			);
			path = Network;
			sourceTree = "<group>";
		};
		CE5AFA982773DDA100AD9834 /* View */ = {
			isa = PBXGroup;
			children = (
				CE5AFABD2775429200AD9834 /* Custom */,
				CE5AFAA22773E41E00AD9834 /* Cell */,
				CE4E2830276805B600261E53 /* ViewController */,
			);
			path = View;
			sourceTree = "<group>";
		};
		CE5AFA992773E16F00AD9834 /* Model */ = {
			isa = PBXGroup;
			children = (
				CE5AFA9A2773E19B00AD9834 /* AppInfo.swift */,
				CE5AFA9B2773E19B00AD9834 /* SearchContents.swift */,
			);
			path = Model;
			sourceTree = "<group>";
		};
		CE5AFA9E2773E20F00AD9834 /* DB */ = {
			isa = PBXGroup;
			children = (
				CE5AFA9F2773E21800AD9834 /* SearchHistoryRS.swift */,
			);
			path = DB;
			sourceTree = "<group>";
		};
		CE5AFAA22773E41E00AD9834 /* Cell */ = {
			isa = PBXGroup;
			children = (
				CE5AFAA42773E42900AD9834 /* AppDetailBasicTableViewCell.swift */,
				CE5AFAAA2773E42B00AD9834 /* AppDetailDescTableViewCell.swift */,
				CE5AFAA82773E42A00AD9834 /* AppDetailSceenshotCollectionViewCell.swift */,
				CE5AFAA32773E42800AD9834 /* AppDetailSceenshotTableViewCell.swift */,
				CE5AFAA52773E42900AD9834 /* AppDetailSummaryCollectionViewCell.swift */,
				CE5AFAA62773E42900AD9834 /* AppDetailSummaryTableViewCell.swift */,
				CE5AFAA72773E42A00AD9834 /* AppDetailUpdateTableViewCell.swift */,
				CE5AFAA92773E42B00AD9834 /* SearchContentTableViewCell.swift */,
			);
			path = Cell;
			sourceTree = "<group>";
		};
		CE5AFABD2775429200AD9834 /* Custom */ = {
			isa = PBXGroup;
			children = (
				CE5AFABE277542BA00AD9834 /* goNetworkSetVw.xib */,
				CE5AFAC0277542FE00AD9834 /* goNetworkSetVw.swift */,
			);
			path = Custom;
			sourceTree = "<group>";
		};
		CE65C1EE276B1787006F46BC /* Extensions */ = {
			isa = PBXGroup;
			children = (
				CE65C1EC276AB4A5006F46BC /* Date+Extension.swift */,
				CE65C1D5276AADA3006F46BC /* Array+Extension.swift */,
				CE65C1D4276AADA3006F46BC /* Dictionary+Extension.swift */,
				CE65C1DB276AADA3006F46BC /* String+Extension.swift */,
				CE65C1DE276AADA3006F46BC /* UIButton+Extension.swift */,
				CE65C1DC276AADA3006F46BC /* UILabel+Extension.swift */,
				CE65C1DD276AADA3006F46BC /* UINavigationController+Extension.swift */,
				CE65C1D6276AADA3006F46BC /* UITextView+Extension.swift */,
				CE65C1D8276AADA3006F46BC /* UIView+Extension.swift */,
				CE65C1D9276AADA3006F46BC /* URL+Extension.swift */,
				CE5AFAB32773E5CE00AD9834 /* UIImageView+Extension.swift */,
				CE5AFAB52773E6D200AD9834 /* Notification+Extension.swift */,
			);
			path = Extensions;
			sourceTree = "<group>";
		};
/* End PBXGroup section */

/* Begin PBXNativeTarget section */
		CE4E27FC2767FD1000261E53 /* FakeAppStore */ = {
			isa = PBXNativeTarget;
			buildConfigurationList = CE4E28272767FD1300261E53 /* Build configuration list for PBXNativeTarget "FakeAppStore" */;
			buildPhases = (
				87DB4692D47C959CA3744DE7 /* [CP] Check Pods Manifest.lock */,
				CE4E27F92767FD1000261E53 /* Sources */,
				CE4E27FA2767FD1000261E53 /* Frameworks */,
				CE4E27FB2767FD1000261E53 /* Resources */,
				B883681568E8D0975CE857CA /* [CP] Embed Pods Frameworks */,
			);
			buildRules = (
			);
			dependencies = (
			);
			name = FakeAppStore;
			productName = FakeAppStore;
			productReference = CE4E27FD2767FD1000261E53 /* FakeAppStore.app */;
			productType = "com.apple.product-type.application";
		};
		CE4E28122767FD1300261E53 /* FakeAppStoreTests */ = {
			isa = PBXNativeTarget;
			buildConfigurationList = CE4E282A2767FD1300261E53 /* Build configuration list for PBXNativeTarget "FakeAppStoreTests" */;
			buildPhases = (
				A00B385761AD508F8EA311F5 /* [CP] Check Pods Manifest.lock */,
				CE4E280F2767FD1300261E53 /* Sources */,
				CE4E28102767FD1300261E53 /* Frameworks */,
				CE4E28112767FD1300261E53 /* Resources */,
			);
			buildRules = (
			);
			dependencies = (
				CE4E28152767FD1300261E53 /* PBXTargetDependency */,
			);
			name = FakeAppStoreTests;
			productName = FakeAppStoreTests;
			productReference = CE4E28132767FD1300261E53 /* FakeAppStoreTests.xctest */;
			productType = "com.apple.product-type.bundle.unit-test";
		};
		CE4E281C2767FD1300261E53 /* FakeAppStoreUITests */ = {
			isa = PBXNativeTarget;
			buildConfigurationList = CE4E282D2767FD1300261E53 /* Build configuration list for PBXNativeTarget "FakeAppStoreUITests" */;
			buildPhases = (
				7C2AA97C68CCC116D73C7CE7 /* [CP] Check Pods Manifest.lock */,
				CE4E28192767FD1300261E53 /* Sources */,
				CE4E281A2767FD1300261E53 /* Frameworks */,
				CE4E281B2767FD1300261E53 /* Resources */,
				585C76F885B7D2443D6FED35 /* [CP] Embed Pods Frameworks */,
			);
			buildRules = (
			);
			dependencies = (
				CE4E281F2767FD1300261E53 /* PBXTargetDependency */,
			);
			name = FakeAppStoreUITests;
			productName = FakeAppStoreUITests;
			productReference = CE4E281D2767FD1300261E53 /* FakeAppStoreUITests.xctest */;
			productType = "com.apple.product-type.bundle.ui-testing";
		};
/* End PBXNativeTarget section */

/* Begin PBXProject section */
		CE4E27F52767FD1000261E53 /* Project object */ = {
			isa = PBXProject;
			attributes = {
				BuildIndependentTargetsInParallel = 1;
				LastSwiftUpdateCheck = 1310;
				LastUpgradeCheck = 1310;
				TargetAttributes = {
					CE4E27FC2767FD1000261E53 = {
						CreatedOnToolsVersion = 13.1;
					};
					CE4E28122767FD1300261E53 = {
						CreatedOnToolsVersion = 13.1;
						TestTargetID = CE4E27FC2767FD1000261E53;
					};
					CE4E281C2767FD1300261E53 = {
						CreatedOnToolsVersion = 13.1;
						TestTargetID = CE4E27FC2767FD1000261E53;
					};
				};
			};
			buildConfigurationList = CE4E27F82767FD1000261E53 /* Build configuration list for PBXProject "FakeAppStore" */;
			compatibilityVersion = "Xcode 13.0";
			developmentRegion = en;
			hasScannedForEncodings = 0;
			knownRegions = (
				en,
				Base,
			);
			mainGroup = CE4E27F42767FD1000261E53;
			productRefGroup = CE4E27FE2767FD1000261E53 /* Products */;
			projectDirPath = "";
			projectRoot = "";
			targets = (
				CE4E27FC2767FD1000261E53 /* FakeAppStore */,
				CE4E28122767FD1300261E53 /* FakeAppStoreTests */,
				CE4E281C2767FD1300261E53 /* FakeAppStoreUITests */,
			);
		};
/* End PBXProject section */

/* Begin PBXResourcesBuildPhase section */
		CE4E27FB2767FD1000261E53 /* Resources */ = {
			isa = PBXResourcesBuildPhase;
			buildActionMask = 2147483647;
			files = (
				CED3A49D277BEA4B0024994C /* todo in Resources */,
				A6943ABF27737301009FCEBF /* Model in Resources */,
				CE4E280D2767FD1300261E53 /* LaunchScreen.storyboard in Resources */,
				CE4E280A2767FD1300261E53 /* Assets.xcassets in Resources */,
				CE5AFABF277542BA00AD9834 /* goNetworkSetVw.xib in Resources */,
				CE4E28082767FD1000261E53 /* Main.storyboard in Resources */,
			);
			runOnlyForDeploymentPostprocessing = 0;
		};
		CE4E28112767FD1300261E53 /* Resources */ = {
			isa = PBXResourcesBuildPhase;
			buildActionMask = 2147483647;
			files = (
			);
			runOnlyForDeploymentPostprocessing = 0;
		};
		CE4E281B2767FD1300261E53 /* Resources */ = {
			isa = PBXResourcesBuildPhase;
			buildActionMask = 2147483647;
			files = (
			);
			runOnlyForDeploymentPostprocessing = 0;
		};
/* End PBXResourcesBuildPhase section */

/* Begin PBXShellScriptBuildPhase section */
		585C76F885B7D2443D6FED35 /* [CP] Embed Pods Frameworks */ = {
			isa = PBXShellScriptBuildPhase;
			buildActionMask = 2147483647;
			files = (
			);
			inputFileListPaths = (
				"${PODS_ROOT}/Target Support Files/Pods-FakeAppStore-FakeAppStoreUITests/Pods-FakeAppStore-FakeAppStoreUITests-frameworks-${CONFIGURATION}-input-files.xcfilelist",
			);
			name = "[CP] Embed Pods Frameworks";
			outputFileListPaths = (
				"${PODS_ROOT}/Target Support Files/Pods-FakeAppStore-FakeAppStoreUITests/Pods-FakeAppStore-FakeAppStoreUITests-frameworks-${CONFIGURATION}-output-files.xcfilelist",
			);
			runOnlyForDeploymentPostprocessing = 0;
			shellPath = /bin/sh;
			shellScript = "\"${PODS_ROOT}/Target Support Files/Pods-FakeAppStore-FakeAppStoreUITests/Pods-FakeAppStore-FakeAppStoreUITests-frameworks.sh\"\n";
			showEnvVarsInLog = 0;
		};
		7C2AA97C68CCC116D73C7CE7 /* [CP] Check Pods Manifest.lock */ = {
			isa = PBXShellScriptBuildPhase;
			buildActionMask = 2147483647;
			files = (
			);
			inputFileListPaths = (
			);
			inputPaths = (
				"${PODS_PODFILE_DIR_PATH}/Podfile.lock",
				"${PODS_ROOT}/Manifest.lock",
			);
			name = "[CP] Check Pods Manifest.lock";
			outputFileListPaths = (
			);
			outputPaths = (
				"$(DERIVED_FILE_DIR)/Pods-FakeAppStore-FakeAppStoreUITests-checkManifestLockResult.txt",
			);
			runOnlyForDeploymentPostprocessing = 0;
			shellPath = /bin/sh;
			shellScript = "diff \"${PODS_PODFILE_DIR_PATH}/Podfile.lock\" \"${PODS_ROOT}/Manifest.lock\" > /dev/null\nif [ $? != 0 ] ; then\n    # print error to STDERR\n    echo \"error: The sandbox is not in sync with the Podfile.lock. Run 'pod install' or update your CocoaPods installation.\" >&2\n    exit 1\nfi\n# This output is used by Xcode 'outputs' to avoid re-running this script phase.\necho \"SUCCESS\" > \"${SCRIPT_OUTPUT_FILE_0}\"\n";
			showEnvVarsInLog = 0;
		};
		87DB4692D47C959CA3744DE7 /* [CP] Check Pods Manifest.lock */ = {
			isa = PBXShellScriptBuildPhase;
			buildActionMask = 2147483647;
			files = (
			);
			inputFileListPaths = (
			);
			inputPaths = (
				"${PODS_PODFILE_DIR_PATH}/Podfile.lock",
				"${PODS_ROOT}/Manifest.lock",
			);
			name = "[CP] Check Pods Manifest.lock";
			outputFileListPaths = (
			);
			outputPaths = (
				"$(DERIVED_FILE_DIR)/Pods-FakeAppStore-checkManifestLockResult.txt",
			);
			runOnlyForDeploymentPostprocessing = 0;
			shellPath = /bin/sh;
			shellScript = "diff \"${PODS_PODFILE_DIR_PATH}/Podfile.lock\" \"${PODS_ROOT}/Manifest.lock\" > /dev/null\nif [ $? != 0 ] ; then\n    # print error to STDERR\n    echo \"error: The sandbox is not in sync with the Podfile.lock. Run 'pod install' or update your CocoaPods installation.\" >&2\n    exit 1\nfi\n# This output is used by Xcode 'outputs' to avoid re-running this script phase.\necho \"SUCCESS\" > \"${SCRIPT_OUTPUT_FILE_0}\"\n";
			showEnvVarsInLog = 0;
		};
		A00B385761AD508F8EA311F5 /* [CP] Check Pods Manifest.lock */ = {
			isa = PBXShellScriptBuildPhase;
			buildActionMask = 2147483647;
			files = (
			);
			inputFileListPaths = (
			);
			inputPaths = (
				"${PODS_PODFILE_DIR_PATH}/Podfile.lock",
				"${PODS_ROOT}/Manifest.lock",
			);
			name = "[CP] Check Pods Manifest.lock";
			outputFileListPaths = (
			);
			outputPaths = (
				"$(DERIVED_FILE_DIR)/Pods-FakeAppStoreTests-checkManifestLockResult.txt",
			);
			runOnlyForDeploymentPostprocessing = 0;
			shellPath = /bin/sh;
			shellScript = "diff \"${PODS_PODFILE_DIR_PATH}/Podfile.lock\" \"${PODS_ROOT}/Manifest.lock\" > /dev/null\nif [ $? != 0 ] ; then\n    # print error to STDERR\n    echo \"error: The sandbox is not in sync with the Podfile.lock. Run 'pod install' or update your CocoaPods installation.\" >&2\n    exit 1\nfi\n# This output is used by Xcode 'outputs' to avoid re-running this script phase.\necho \"SUCCESS\" > \"${SCRIPT_OUTPUT_FILE_0}\"\n";
			showEnvVarsInLog = 0;
		};
		B883681568E8D0975CE857CA /* [CP] Embed Pods Frameworks */ = {
			isa = PBXShellScriptBuildPhase;
			buildActionMask = 2147483647;
			files = (
			);
			inputFileListPaths = (
				"${PODS_ROOT}/Target Support Files/Pods-FakeAppStore/Pods-FakeAppStore-frameworks-${CONFIGURATION}-input-files.xcfilelist",
			);
			name = "[CP] Embed Pods Frameworks";
			outputFileListPaths = (
				"${PODS_ROOT}/Target Support Files/Pods-FakeAppStore/Pods-FakeAppStore-frameworks-${CONFIGURATION}-output-files.xcfilelist",
			);
			runOnlyForDeploymentPostprocessing = 0;
			shellPath = /bin/sh;
			shellScript = "\"${PODS_ROOT}/Target Support Files/Pods-FakeAppStore/Pods-FakeAppStore-frameworks.sh\"\n";
			showEnvVarsInLog = 0;
		};
/* End PBXShellScriptBuildPhase section */

/* Begin PBXSourcesBuildPhase section */
		CE4E27F92767FD1000261E53 /* Sources */ = {
			isa = PBXSourcesBuildPhase;
			buildActionMask = 2147483647;
			files = (
				CE5AFABC27744CA300AD9834 /* BaseViewController.swift in Sources */,
				CE5AFAAF2773E42B00AD9834 /* AppDetailUpdateTableViewCell.swift in Sources */,
				A6943AB6277371C4009FCEBF /* ArcadeViewController.swift in Sources */,
				CE5AFAB22773E42B00AD9834 /* AppDetailDescTableViewCell.swift in Sources */,
				CE65C1EB276AB2A3006F46BC /* NetworkManager.swift in Sources */,
				CE5AFAAB2773E42B00AD9834 /* AppDetailSceenshotTableViewCell.swift in Sources */,
				CE5AFAC5277596A700AD9834 /* TestViewController.swift in Sources */,
				CE65C1E3276AADA3006F46BC /* UIView+Extension.swift in Sources */,
				CE5AFA9C2773E19B00AD9834 /* AppInfo.swift in Sources */,
				CE4E283927681BBD00261E53 /* Const.swift in Sources */,
				CE5AFAA02773E21800AD9834 /* SearchHistoryRS.swift in Sources */,
				CE65C1E7276AADA3006F46BC /* UILabel+Extension.swift in Sources */,
				CE65C1E9276AADA3006F46BC /* UIButton+Extension.swift in Sources */,
				CE65C1DF276AADA3006F46BC /* Dictionary+Extension.swift in Sources */,
				CE5AFAB62773E6D200AD9834 /* Notification+Extension.swift in Sources */,
				A6943AA72773712E009FCEBF /* Request.swift in Sources */,
				CE65C1E4276AADA3006F46BC /* URL+Extension.swift in Sources */,
				A6943AB9277371C4009FCEBF /* TodayViewController.swift in Sources */,
				CE5AFAAC2773E42B00AD9834 /* AppDetailBasicTableViewCell.swift in Sources */,
				CE5AFAAD2773E42B00AD9834 /* AppDetailSummaryCollectionViewCell.swift in Sources */,
				CE5AFAAE2773E42B00AD9834 /* AppDetailSummaryTableViewCell.swift in Sources */,
				CE5AFAB42773E5CE00AD9834 /* UIImageView+Extension.swift in Sources */,
				CE5AFAB12773E42B00AD9834 /* SearchContentTableViewCell.swift in Sources */,
				CE65C1ED276AB4A5006F46BC /* Date+Extension.swift in Sources */,
				A6943AB7277371C4009FCEBF /* AppDetailViewController.swift in Sources */,
				CE4E28012767FD1000261E53 /* AppDelegate.swift in Sources */,
				A6943ABA277371C4009FCEBF /* GameViewController.swift in Sources */,
				CE65C1E6276AADA3006F46BC /* String+Extension.swift in Sources */,
				CE65C1E1276AADA3006F46BC /* UITextView+Extension.swift in Sources */,
				CE5AFAC1277542FE00AD9834 /* goNetworkSetVw.swift in Sources */,
				A6943AB8277371C4009FCEBF /* SearchViewController.swift in Sources */,
				CE5AFAB02773E42B00AD9834 /* AppDetailSceenshotCollectionViewCell.swift in Sources */,
				A6943ABB277371C4009FCEBF /* AppViewController.swift in Sources */,
				CE65C1E8276AADA3006F46BC /* UINavigationController+Extension.swift in Sources */,
				CE4E28032767FD1000261E53 /* SceneDelegate.swift in Sources */,
				CE5AFA9D2773E19B00AD9834 /* SearchContents.swift in Sources */,
				CE65C1E0276AADA3006F46BC /* Array+Extension.swift in Sources */,
			);
			runOnlyForDeploymentPostprocessing = 0;
		};
		CE4E280F2767FD1300261E53 /* Sources */ = {
			isa = PBXSourcesBuildPhase;
			buildActionMask = 2147483647;
			files = (
				CE4E28182767FD1300261E53 /* FakeAppStoreTests.swift in Sources */,
			);
			runOnlyForDeploymentPostprocessing = 0;
		};
		CE4E28192767FD1300261E53 /* Sources */ = {
			isa = PBXSourcesBuildPhase;
			buildActionMask = 2147483647;
			files = (
				CE4E28222767FD1300261E53 /* FakeAppStoreUITests.swift in Sources */,
				CE4E28242767FD1300261E53 /* FakeAppStoreUITestsLaunchTests.swift in Sources */,
			);
			runOnlyForDeploymentPostprocessing = 0;
		};
/* End PBXSourcesBuildPhase section */

/* Begin PBXTargetDependency section */
		CE4E28152767FD1300261E53 /* PBXTargetDependency */ = {
			isa = PBXTargetDependency;
			target = CE4E27FC2767FD1000261E53 /* FakeAppStore */;
			targetProxy = CE4E28142767FD1300261E53 /* PBXContainerItemProxy */;
		};
		CE4E281F2767FD1300261E53 /* PBXTargetDependency */ = {
			isa = PBXTargetDependency;
			target = CE4E27FC2767FD1000261E53 /* FakeAppStore */;
			targetProxy = CE4E281E2767FD1300261E53 /* PBXContainerItemProxy */;
		};
/* End PBXTargetDependency section */

/* Begin PBXVariantGroup section */
		CE4E28062767FD1000261E53 /* Main.storyboard */ = {
			isa = PBXVariantGroup;
			children = (
				CE4E28072767FD1000261E53 /* Base */,
			);
			name = Main.storyboard;
			sourceTree = "<group>";
		};
		CE4E280B2767FD1300261E53 /* LaunchScreen.storyboard */ = {
			isa = PBXVariantGroup;
			children = (
				CE4E280C2767FD1300261E53 /* Base */,
			);
			name = LaunchScreen.storyboard;
			sourceTree = "<group>";
		};
/* End PBXVariantGroup section */

/* Begin XCBuildConfiguration section */
		CE4E28252767FD1300261E53 /* Debug */ = {
			isa = XCBuildConfiguration;
			buildSettings = {
				ALWAYS_SEARCH_USER_PATHS = NO;
				CLANG_ANALYZER_NONNULL = YES;
				CLANG_ANALYZER_NUMBER_OBJECT_CONVERSION = YES_AGGRESSIVE;
				CLANG_CXX_LANGUAGE_STANDARD = "gnu++17";
				CLANG_CXX_LIBRARY = "libc++";
				CLANG_ENABLE_MODULES = YES;
				CLANG_ENABLE_OBJC_ARC = YES;
				CLANG_ENABLE_OBJC_WEAK = YES;
				CLANG_WARN_BLOCK_CAPTURE_AUTORELEASING = YES;
				CLANG_WARN_BOOL_CONVERSION = YES;
				CLANG_WARN_COMMA = YES;
				CLANG_WARN_CONSTANT_CONVERSION = YES;
				CLANG_WARN_DEPRECATED_OBJC_IMPLEMENTATIONS = YES;
				CLANG_WARN_DIRECT_OBJC_ISA_USAGE = YES_ERROR;
				CLANG_WARN_DOCUMENTATION_COMMENTS = YES;
				CLANG_WARN_EMPTY_BODY = YES;
				CLANG_WARN_ENUM_CONVERSION = YES;
				CLANG_WARN_INFINITE_RECURSION = YES;
				CLANG_WARN_INT_CONVERSION = YES;
				CLANG_WARN_NON_LITERAL_NULL_CONVERSION = YES;
				CLANG_WARN_OBJC_IMPLICIT_RETAIN_SELF = YES;
				CLANG_WARN_OBJC_LITERAL_CONVERSION = YES;
				CLANG_WARN_OBJC_ROOT_CLASS = YES_ERROR;
				CLANG_WARN_QUOTED_INCLUDE_IN_FRAMEWORK_HEADER = YES;
				CLANG_WARN_RANGE_LOOP_ANALYSIS = YES;
				CLANG_WARN_STRICT_PROTOTYPES = YES;
				CLANG_WARN_SUSPICIOUS_MOVE = YES;
				CLANG_WARN_UNGUARDED_AVAILABILITY = YES_AGGRESSIVE;
				CLANG_WARN_UNREACHABLE_CODE = YES;
				CLANG_WARN__DUPLICATE_METHOD_MATCH = YES;
				COPY_PHASE_STRIP = NO;
				DEBUG_INFORMATION_FORMAT = dwarf;
				ENABLE_STRICT_OBJC_MSGSEND = YES;
				ENABLE_TESTABILITY = YES;
				GCC_C_LANGUAGE_STANDARD = gnu11;
				GCC_DYNAMIC_NO_PIC = NO;
				GCC_NO_COMMON_BLOCKS = YES;
				GCC_OPTIMIZATION_LEVEL = 0;
				GCC_PREPROCESSOR_DEFINITIONS = (
					"DEBUG=1",
					"$(inherited)",
				);
				GCC_WARN_64_TO_32_BIT_CONVERSION = YES;
				GCC_WARN_ABOUT_RETURN_TYPE = YES_ERROR;
				GCC_WARN_UNDECLARED_SELECTOR = YES;
				GCC_WARN_UNINITIALIZED_AUTOS = YES_AGGRESSIVE;
				GCC_WARN_UNUSED_FUNCTION = YES;
				GCC_WARN_UNUSED_VARIABLE = YES;
				IPHONEOS_DEPLOYMENT_TARGET = 15.0;
				MTL_ENABLE_DEBUG_INFO = INCLUDE_SOURCE;
				MTL_FAST_MATH = YES;
				ONLY_ACTIVE_ARCH = YES;
				SDKROOT = iphoneos;
				SWIFT_ACTIVE_COMPILATION_CONDITIONS = DEBUG;
				SWIFT_OPTIMIZATION_LEVEL = "-Onone";
			};
			name = Debug;
		};
		CE4E28262767FD1300261E53 /* Release */ = {
			isa = XCBuildConfiguration;
			buildSettings = {
				ALWAYS_SEARCH_USER_PATHS = NO;
				CLANG_ANALYZER_NONNULL = YES;
				CLANG_ANALYZER_NUMBER_OBJECT_CONVERSION = YES_AGGRESSIVE;
				CLANG_CXX_LANGUAGE_STANDARD = "gnu++17";
				CLANG_CXX_LIBRARY = "libc++";
				CLANG_ENABLE_MODULES = YES;
				CLANG_ENABLE_OBJC_ARC = YES;
				CLANG_ENABLE_OBJC_WEAK = YES;
				CLANG_WARN_BLOCK_CAPTURE_AUTORELEASING = YES;
				CLANG_WARN_BOOL_CONVERSION = YES;
				CLANG_WARN_COMMA = YES;
				CLANG_WARN_CONSTANT_CONVERSION = YES;
				CLANG_WARN_DEPRECATED_OBJC_IMPLEMENTATIONS = YES;
				CLANG_WARN_DIRECT_OBJC_ISA_USAGE = YES_ERROR;
				CLANG_WARN_DOCUMENTATION_COMMENTS = YES;
				CLANG_WARN_EMPTY_BODY = YES;
				CLANG_WARN_ENUM_CONVERSION = YES;
				CLANG_WARN_INFINITE_RECURSION = YES;
				CLANG_WARN_INT_CONVERSION = YES;
				CLANG_WARN_NON_LITERAL_NULL_CONVERSION = YES;
				CLANG_WARN_OBJC_IMPLICIT_RETAIN_SELF = YES;
				CLANG_WARN_OBJC_LITERAL_CONVERSION = YES;
				CLANG_WARN_OBJC_ROOT_CLASS = YES_ERROR;
				CLANG_WARN_QUOTED_INCLUDE_IN_FRAMEWORK_HEADER = YES;
				CLANG_WARN_RANGE_LOOP_ANALYSIS = YES;
				CLANG_WARN_STRICT_PROTOTYPES = YES;
				CLANG_WARN_SUSPICIOUS_MOVE = YES;
				CLANG_WARN_UNGUARDED_AVAILABILITY = YES_AGGRESSIVE;
				CLANG_WARN_UNREACHABLE_CODE = YES;
				CLANG_WARN__DUPLICATE_METHOD_MATCH = YES;
				COPY_PHASE_STRIP = NO;
				DEBUG_INFORMATION_FORMAT = "dwarf-with-dsym";
				ENABLE_NS_ASSERTIONS = NO;
				ENABLE_STRICT_OBJC_MSGSEND = YES;
				GCC_C_LANGUAGE_STANDARD = gnu11;
				GCC_NO_COMMON_BLOCKS = YES;
				GCC_WARN_64_TO_32_BIT_CONVERSION = YES;
				GCC_WARN_ABOUT_RETURN_TYPE = YES_ERROR;
				GCC_WARN_UNDECLARED_SELECTOR = YES;
				GCC_WARN_UNINITIALIZED_AUTOS = YES_AGGRESSIVE;
				GCC_WARN_UNUSED_FUNCTION = YES;
				GCC_WARN_UNUSED_VARIABLE = YES;
				IPHONEOS_DEPLOYMENT_TARGET = 15.0;
				MTL_ENABLE_DEBUG_INFO = NO;
				MTL_FAST_MATH = YES;
				SDKROOT = iphoneos;
				SWIFT_COMPILATION_MODE = wholemodule;
				SWIFT_OPTIMIZATION_LEVEL = "-O";
				VALIDATE_PRODUCT = YES;
			};
			name = Release;
		};
		CE4E28282767FD1300261E53 /* Debug */ = {
			isa = XCBuildConfiguration;
			baseConfigurationReference = ABAE502D5CF86C0C970C903A /* Pods-FakeAppStore.debug.xcconfig */;
			buildSettings = {
				ASSETCATALOG_COMPILER_APPICON_NAME = AppIcon;
				ASSETCATALOG_COMPILER_GLOBAL_ACCENT_COLOR_NAME = AccentColor;
				CODE_SIGN_STYLE = Automatic;
				CURRENT_PROJECT_VERSION = 1;
				DEVELOPMENT_TEAM = PF63XN3KJL;
				GENERATE_INFOPLIST_FILE = YES;
				INFOPLIST_FILE = FakeAppStore/Info.plist;
				INFOPLIST_KEY_UIApplicationSupportsIndirectInputEvents = YES;
				INFOPLIST_KEY_UILaunchStoryboardName = LaunchScreen;
				INFOPLIST_KEY_UIMainStoryboardFile = Main;
				INFOPLIST_KEY_UISupportedInterfaceOrientations_iPad = "UIInterfaceOrientationPortrait UIInterfaceOrientationPortraitUpsideDown UIInterfaceOrientationLandscapeLeft UIInterfaceOrientationLandscapeRight";
				INFOPLIST_KEY_UISupportedInterfaceOrientations_iPhone = "UIInterfaceOrientationPortrait UIInterfaceOrientationLandscapeLeft UIInterfaceOrientationLandscapeRight";
				LD_RUNPATH_SEARCH_PATHS = (
					"$(inherited)",
					"@executable_path/Frameworks",
				);
				MARKETING_VERSION = 1.0;
				PRODUCT_BUNDLE_IDENTIFIER = com.semi.FakeAppStore;
				PRODUCT_NAME = "$(TARGET_NAME)";
				SWIFT_EMIT_LOC_STRINGS = YES;
				SWIFT_VERSION = 5.0;
				TARGETED_DEVICE_FAMILY = "1,2";
			};
			name = Debug;
		};
		CE4E28292767FD1300261E53 /* Release */ = {
			isa = XCBuildConfiguration;
			baseConfigurationReference = 2B732253767D1451665D328C /* Pods-FakeAppStore.release.xcconfig */;
			buildSettings = {
				ASSETCATALOG_COMPILER_APPICON_NAME = AppIcon;
				ASSETCATALOG_COMPILER_GLOBAL_ACCENT_COLOR_NAME = AccentColor;
				CODE_SIGN_STYLE = Automatic;
				CURRENT_PROJECT_VERSION = 1;
				DEVELOPMENT_TEAM = PF63XN3KJL;
				GENERATE_INFOPLIST_FILE = YES;
				INFOPLIST_FILE = FakeAppStore/Info.plist;
				INFOPLIST_KEY_UIApplicationSupportsIndirectInputEvents = YES;
				INFOPLIST_KEY_UILaunchStoryboardName = LaunchScreen;
				INFOPLIST_KEY_UIMainStoryboardFile = Main;
				INFOPLIST_KEY_UISupportedInterfaceOrientations_iPad = "UIInterfaceOrientationPortrait UIInterfaceOrientationPortraitUpsideDown UIInterfaceOrientationLandscapeLeft UIInterfaceOrientationLandscapeRight";
				INFOPLIST_KEY_UISupportedInterfaceOrientations_iPhone = "UIInterfaceOrientationPortrait UIInterfaceOrientationLandscapeLeft UIInterfaceOrientationLandscapeRight";
				LD_RUNPATH_SEARCH_PATHS = (
					"$(inherited)",
					"@executable_path/Frameworks",
				);
				MARKETING_VERSION = 1.0;
				PRODUCT_BUNDLE_IDENTIFIER = com.semi.FakeAppStore;
				PRODUCT_NAME = "$(TARGET_NAME)";
				SWIFT_EMIT_LOC_STRINGS = YES;
				SWIFT_VERSION = 5.0;
				TARGETED_DEVICE_FAMILY = "1,2";
			};
			name = Release;
		};
		CE4E282B2767FD1300261E53 /* Debug */ = {
			isa = XCBuildConfiguration;
			baseConfigurationReference = 537CF752AFD1973F76C64CBD /* Pods-FakeAppStoreTests.debug.xcconfig */;
			buildSettings = {
				ALWAYS_EMBED_SWIFT_STANDARD_LIBRARIES = YES;
				BUNDLE_LOADER = "$(TEST_HOST)";
				CODE_SIGN_STYLE = Automatic;
				CURRENT_PROJECT_VERSION = 1;
				DEVELOPMENT_TEAM = PF63XN3KJL;
				GENERATE_INFOPLIST_FILE = YES;
				IPHONEOS_DEPLOYMENT_TARGET = 15.0;
				LD_RUNPATH_SEARCH_PATHS = (
					"$(inherited)",
					"@executable_path/Frameworks",
					"@loader_path/Frameworks",
				);
				MARKETING_VERSION = 1.0;
				PRODUCT_BUNDLE_IDENTIFIER = com.semi.FakeAppStoreTests;
				PRODUCT_NAME = "$(TARGET_NAME)";
				SWIFT_EMIT_LOC_STRINGS = NO;
				SWIFT_VERSION = 5.0;
				TARGETED_DEVICE_FAMILY = "1,2";
				TEST_HOST = "$(BUILT_PRODUCTS_DIR)/FakeAppStore.app/FakeAppStore";
			};
			name = Debug;
		};
		CE4E282C2767FD1300261E53 /* Release */ = {
			isa = XCBuildConfiguration;
			baseConfigurationReference = 04A9BF9907111B43550F2F04 /* Pods-FakeAppStoreTests.release.xcconfig */;
			buildSettings = {
				ALWAYS_EMBED_SWIFT_STANDARD_LIBRARIES = YES;
				BUNDLE_LOADER = "$(TEST_HOST)";
				CODE_SIGN_STYLE = Automatic;
				CURRENT_PROJECT_VERSION = 1;
				DEVELOPMENT_TEAM = PF63XN3KJL;
				GENERATE_INFOPLIST_FILE = YES;
				IPHONEOS_DEPLOYMENT_TARGET = 15.0;
				LD_RUNPATH_SEARCH_PATHS = (
					"$(inherited)",
					"@executable_path/Frameworks",
					"@loader_path/Frameworks",
				);
				MARKETING_VERSION = 1.0;
				PRODUCT_BUNDLE_IDENTIFIER = com.semi.FakeAppStoreTests;
				PRODUCT_NAME = "$(TARGET_NAME)";
				SWIFT_EMIT_LOC_STRINGS = NO;
				SWIFT_VERSION = 5.0;
				TARGETED_DEVICE_FAMILY = "1,2";
				TEST_HOST = "$(BUILT_PRODUCTS_DIR)/FakeAppStore.app/FakeAppStore";
			};
			name = Release;
		};
		CE4E282E2767FD1300261E53 /* Debug */ = {
			isa = XCBuildConfiguration;
			baseConfigurationReference = 82223239F452251DC8ACCD3D /* Pods-FakeAppStore-FakeAppStoreUITests.debug.xcconfig */;
			buildSettings = {
				ALWAYS_EMBED_SWIFT_STANDARD_LIBRARIES = YES;
				CODE_SIGN_STYLE = Automatic;
				CURRENT_PROJECT_VERSION = 1;
				DEVELOPMENT_TEAM = PF63XN3KJL;
				GENERATE_INFOPLIST_FILE = YES;
				LD_RUNPATH_SEARCH_PATHS = (
					"$(inherited)",
					"@executable_path/Frameworks",
					"@loader_path/Frameworks",
				);
				MARKETING_VERSION = 1.0;
				PRODUCT_BUNDLE_IDENTIFIER = com.semi.FakeAppStoreUITests;
				PRODUCT_NAME = "$(TARGET_NAME)";
				SWIFT_EMIT_LOC_STRINGS = NO;
				SWIFT_VERSION = 5.0;
				TARGETED_DEVICE_FAMILY = "1,2";
				TEST_TARGET_NAME = FakeAppStore;
			};
			name = Debug;
		};
		CE4E282F2767FD1300261E53 /* Release */ = {
			isa = XCBuildConfiguration;
			baseConfigurationReference = 8D7C873DAA182BA791E4919B /* Pods-FakeAppStore-FakeAppStoreUITests.release.xcconfig */;
			buildSettings = {
				ALWAYS_EMBED_SWIFT_STANDARD_LIBRARIES = YES;
				CODE_SIGN_STYLE = Automatic;
				CURRENT_PROJECT_VERSION = 1;
				DEVELOPMENT_TEAM = PF63XN3KJL;
				GENERATE_INFOPLIST_FILE = YES;
				LD_RUNPATH_SEARCH_PATHS = (
					"$(inherited)",
					"@executable_path/Frameworks",
					"@loader_path/Frameworks",
				);
				MARKETING_VERSION = 1.0;
				PRODUCT_BUNDLE_IDENTIFIER = com.semi.FakeAppStoreUITests;
				PRODUCT_NAME = "$(TARGET_NAME)";
				SWIFT_EMIT_LOC_STRINGS = NO;
				SWIFT_VERSION = 5.0;
				TARGETED_DEVICE_FAMILY = "1,2";
				TEST_TARGET_NAME = FakeAppStore;
			};
			name = Release;
		};
/* End XCBuildConfiguration section */

/* Begin XCConfigurationList section */
		CE4E27F82767FD1000261E53 /* Build configuration list for PBXProject "FakeAppStore" */ = {
			isa = XCConfigurationList;
			buildConfigurations = (
				CE4E28252767FD1300261E53 /* Debug */,
				CE4E28262767FD1300261E53 /* Release */,
			);
			defaultConfigurationIsVisible = 0;
			defaultConfigurationName = Release;
		};
		CE4E28272767FD1300261E53 /* Build configuration list for PBXNativeTarget "FakeAppStore" */ = {
			isa = XCConfigurationList;
			buildConfigurations = (
				CE4E28282767FD1300261E53 /* Debug */,
				CE4E28292767FD1300261E53 /* Release */,
			);
			defaultConfigurationIsVisible = 0;
			defaultConfigurationName = Release;
		};
		CE4E282A2767FD1300261E53 /* Build configuration list for PBXNativeTarget "FakeAppStoreTests" */ = {
			isa = XCConfigurationList;
			buildConfigurations = (
				CE4E282B2767FD1300261E53 /* Debug */,
				CE4E282C2767FD1300261E53 /* Release */,
			);
			defaultConfigurationIsVisible = 0;
			defaultConfigurationName = Release;
		};
		CE4E282D2767FD1300261E53 /* Build configuration list for PBXNativeTarget "FakeAppStoreUITests" */ = {
			isa = XCConfigurationList;
			buildConfigurations = (
				CE4E282E2767FD1300261E53 /* Debug */,
				CE4E282F2767FD1300261E53 /* Release */,
			);
			defaultConfigurationIsVisible = 0;
			defaultConfigurationName = Release;
		};
/* End XCConfigurationList section */
	};
	rootObject = CE4E27F52767FD1000261E53 /* Project object */;
}
